// !$*UTF8*$!
{
	archiveVersion = 1;
	classes = {
	};
	objectVersion = 48;
	objects = {

/* Begin PBXBuildFile section */
		043D25D086DB4486CE6C778B /* Pods_HWQLztUI.framework in Frameworks */ = {isa = PBXBuildFile; fileRef = 93D0356965DC61377FC1600A /* Pods_HWQLztUI.framework */; };
		8500149A202990AF00C69343 /* AppDelegate.swift in Sources */ = {isa = PBXBuildFile; fileRef = 85001499202990AF00C69343 /* AppDelegate.swift */; };
		850014A1202990AF00C69343 /* Assets.xcassets in Resources */ = {isa = PBXBuildFile; fileRef = 850014A0202990AF00C69343 /* Assets.xcassets */; };
		850014A4202990AF00C69343 /* LaunchScreen.storyboard in Resources */ = {isa = PBXBuildFile; fileRef = 850014A2202990AF00C69343 /* LaunchScreen.storyboard */; };
		850014AF202990B000C69343 /* HWQLztUITests.swift in Sources */ = {isa = PBXBuildFile; fileRef = 850014AE202990B000C69343 /* HWQLztUITests.swift */; };
		850014BA202990B000C69343 /* HWQLztUIUITests.swift in Sources */ = {isa = PBXBuildFile; fileRef = 850014B9202990B000C69343 /* HWQLztUIUITests.swift */; };
		850014D2202993B000C69343 /* HomePage.storyboard in Resources */ = {isa = PBXBuildFile; fileRef = 850014D1202993B000C69343 /* HomePage.storyboard */; };
		850014D4202993CF00C69343 /* HomePageViewController.swift in Sources */ = {isa = PBXBuildFile; fileRef = 850014D3202993CF00C69343 /* HomePageViewController.swift */; };
		850014D6202993ED00C69343 /* Project.storyboard in Resources */ = {isa = PBXBuildFile; fileRef = 850014D5202993ED00C69343 /* Project.storyboard */; };
		850014D82029942A00C69343 /* ProjectTableViewController.swift in Sources */ = {isa = PBXBuildFile; fileRef = 850014D72029942A00C69343 /* ProjectTableViewController.swift */; };
		850014DA2029945B00C69343 /* MyInfoViewController.swift in Sources */ = {isa = PBXBuildFile; fileRef = 850014D92029945B00C69343 /* MyInfoViewController.swift */; };
		850014DC2029946D00C69343 /* MyInfo.storyboard in Resources */ = {isa = PBXBuildFile; fileRef = 850014DB2029946D00C69343 /* MyInfo.storyboard */; };
		850014DE2029949100C69343 /* Foundation.storyboard in Resources */ = {isa = PBXBuildFile; fileRef = 850014DD2029949100C69343 /* Foundation.storyboard */; };
		850014E0202994A100C69343 /* FoundationViewController.swift in Sources */ = {isa = PBXBuildFile; fileRef = 850014DF202994A100C69343 /* FoundationViewController.swift */; };
		850014E2202995C900C69343 /* CustomTabbarController.swift in Sources */ = {isa = PBXBuildFile; fileRef = 850014E1202995C900C69343 /* CustomTabbarController.swift */; };
		850A632B202D42AF0038CB3F /* CycleCell.swift in Sources */ = {isa = PBXBuildFile; fileRef = 850A6329202D42AF0038CB3F /* CycleCell.swift */; };
		850A632C202D42AF0038CB3F /* CycleCell.xib in Resources */ = {isa = PBXBuildFile; fileRef = 850A632A202D42AF0038CB3F /* CycleCell.xib */; };
		850A6332202D43E60038CB3F /* WRProxy.swift in Sources */ = {isa = PBXBuildFile; fileRef = 850A632E202D43E60038CB3F /* WRProxy.swift */; };
		850A6333202D43E60038CB3F /* WRPageControl.swift in Sources */ = {isa = PBXBuildFile; fileRef = 850A632F202D43E60038CB3F /* WRPageControl.swift */; };
		850A6334202D43E60038CB3F /* WRCycleScrollView.swift in Sources */ = {isa = PBXBuildFile; fileRef = 850A6330202D43E60038CB3F /* WRCycleScrollView.swift */; };
		850A6335202D43E60038CB3F /* WRCycleCell.swift in Sources */ = {isa = PBXBuildFile; fileRef = 850A6331202D43E60038CB3F /* WRCycleCell.swift */; };
		850A6338202D77340038CB3F /* GoodProjectCell.swift in Sources */ = {isa = PBXBuildFile; fileRef = 850A6336202D77340038CB3F /* GoodProjectCell.swift */; };
		850A6339202D77340038CB3F /* GoodProjectCell.xib in Resources */ = {isa = PBXBuildFile; fileRef = 850A6337202D77340038CB3F /* GoodProjectCell.xib */; };
		8538243E205B5E4F00CAFA3A /* SettingViewController.swift in Sources */ = {isa = PBXBuildFile; fileRef = 8538243D205B5E4F00CAFA3A /* SettingViewController.swift */; };
		85382442205B6C8C00CAFA3A /* InvestmentRecordTableViewController.swift in Sources */ = {isa = PBXBuildFile; fileRef = 85382441205B6C8C00CAFA3A /* InvestmentRecordTableViewController.swift */; };
		85382444205B6D3D00CAFA3A /* InvestmentRecordTableViewCell.swift in Sources */ = {isa = PBXBuildFile; fileRef = 85382443205B6D3D00CAFA3A /* InvestmentRecordTableViewCell.swift */; };
		85382446205B780600CAFA3A /* CardManageViewController.swift in Sources */ = {isa = PBXBuildFile; fileRef = 85382445205B780600CAFA3A /* CardManageViewController.swift */; };
		85382448205B910300CAFA3A /* ProjectDetailViewController.swift in Sources */ = {isa = PBXBuildFile; fileRef = 85382447205B910300CAFA3A /* ProjectDetailViewController.swift */; };
		8538244A205B96CD00CAFA3A /* HeaderTableViewCell.swift in Sources */ = {isa = PBXBuildFile; fileRef = 85382449205B96CD00CAFA3A /* HeaderTableViewCell.swift */; };
		8538244E205BB07A00CAFA3A /* ProductTableViewCell.swift in Sources */ = {isa = PBXBuildFile; fileRef = 8538244D205BB07A00CAFA3A /* ProductTableViewCell.swift */; };
		85382450205BBA4500CAFA3A /* BottomTableViewCell.swift in Sources */ = {isa = PBXBuildFile; fileRef = 8538244F205BBA4500CAFA3A /* BottomTableViewCell.swift */; };
		85382452205E2DB000CAFA3A /* InvestViewController.swift in Sources */ = {isa = PBXBuildFile; fileRef = 85382451205E2DB000CAFA3A /* InvestViewController.swift */; };
		85812FEC20299A92002732EF /* Constant.swift in Sources */ = {isa = PBXBuildFile; fileRef = 85812FEB20299A92002732EF /* Constant.swift */; };
		85812FEE2029A17F002732EF /* CustomNavigationController.swift in Sources */ = {isa = PBXBuildFile; fileRef = 85812FED2029A17F002732EF /* CustomNavigationController.swift */; };
		85812FF02029AECE002732EF /* ViewController.swift in Sources */ = {isa = PBXBuildFile; fileRef = 85812FEF2029AECE002732EF /* ViewController.swift */; };
		858E617C202C2A6D0040DBA4 /* ProjectCell.swift in Sources */ = {isa = PBXBuildFile; fileRef = 858E617A202C2A6D0040DBA4 /* ProjectCell.swift */; };
		858E617D202C2A6D0040DBA4 /* ProjectCell.xib in Resources */ = {isa = PBXBuildFile; fileRef = 858E617B202C2A6D0040DBA4 /* ProjectCell.xib */; };
		85FBA2DC2044EA9C0043F362 /* BottomCell.swift in Sources */ = {isa = PBXBuildFile; fileRef = 85FBA2DA2044EA9C0043F362 /* BottomCell.swift */; };
		85FBA2DD2044EA9C0043F362 /* BottomCell.xib in Resources */ = {isa = PBXBuildFile; fileRef = 85FBA2DB2044EA9C0043F362 /* BottomCell.xib */; };
/* End PBXBuildFile section */

/* Begin PBXContainerItemProxy section */
		850014AB202990B000C69343 /* PBXContainerItemProxy */ = {
			isa = PBXContainerItemProxy;
			containerPortal = 8500148E202990AF00C69343 /* Project object */;
			proxyType = 1;
			remoteGlobalIDString = 85001495202990AF00C69343;
			remoteInfo = HWQLztUI;
		};
		850014B6202990B000C69343 /* PBXContainerItemProxy */ = {
			isa = PBXContainerItemProxy;
			containerPortal = 8500148E202990AF00C69343 /* Project object */;
			proxyType = 1;
			remoteGlobalIDString = 85001495202990AF00C69343;
			remoteInfo = HWQLztUI;
		};
/* End PBXContainerItemProxy section */

/* Begin PBXFileReference section */
		4296B37B053261F53EEF7A4F /* Pods-HWQLztUI.debug.xcconfig */ = {isa = PBXFileReference; includeInIndex = 1; lastKnownFileType = text.xcconfig; name = "Pods-HWQLztUI.debug.xcconfig"; path = "Pods/Target Support Files/Pods-HWQLztUI/Pods-HWQLztUI.debug.xcconfig"; sourceTree = "<group>"; };
		85001496202990AF00C69343 /* HWQLztUI.app */ = {isa = PBXFileReference; explicitFileType = wrapper.application; includeInIndex = 0; path = HWQLztUI.app; sourceTree = BUILT_PRODUCTS_DIR; };
		85001499202990AF00C69343 /* AppDelegate.swift */ = {isa = PBXFileReference; lastKnownFileType = sourcecode.swift; path = AppDelegate.swift; sourceTree = "<group>"; };
		850014A0202990AF00C69343 /* Assets.xcassets */ = {isa = PBXFileReference; lastKnownFileType = folder.assetcatalog; path = Assets.xcassets; sourceTree = "<group>"; };
		850014A3202990AF00C69343 /* Base */ = {isa = PBXFileReference; lastKnownFileType = file.storyboard; name = Base; path = Base.lproj/LaunchScreen.storyboard; sourceTree = "<group>"; };
		850014A5202990AF00C69343 /* Info.plist */ = {isa = PBXFileReference; lastKnownFileType = text.plist.xml; path = Info.plist; sourceTree = "<group>"; };
		850014AA202990B000C69343 /* HWQLztUITests.xctest */ = {isa = PBXFileReference; explicitFileType = wrapper.cfbundle; includeInIndex = 0; path = HWQLztUITests.xctest; sourceTree = BUILT_PRODUCTS_DIR; };
		850014AE202990B000C69343 /* HWQLztUITests.swift */ = {isa = PBXFileReference; lastKnownFileType = sourcecode.swift; path = HWQLztUITests.swift; sourceTree = "<group>"; };
		850014B0202990B000C69343 /* Info.plist */ = {isa = PBXFileReference; lastKnownFileType = text.plist.xml; path = Info.plist; sourceTree = "<group>"; };
		850014B5202990B000C69343 /* HWQLztUIUITests.xctest */ = {isa = PBXFileReference; explicitFileType = wrapper.cfbundle; includeInIndex = 0; path = HWQLztUIUITests.xctest; sourceTree = BUILT_PRODUCTS_DIR; };
		850014B9202990B000C69343 /* HWQLztUIUITests.swift */ = {isa = PBXFileReference; lastKnownFileType = sourcecode.swift; path = HWQLztUIUITests.swift; sourceTree = "<group>"; };
		850014BB202990B000C69343 /* Info.plist */ = {isa = PBXFileReference; lastKnownFileType = text.plist.xml; path = Info.plist; sourceTree = "<group>"; };
		850014D1202993B000C69343 /* HomePage.storyboard */ = {isa = PBXFileReference; lastKnownFileType = file.storyboard; path = HomePage.storyboard; sourceTree = "<group>"; };
		850014D3202993CF00C69343 /* HomePageViewController.swift */ = {isa = PBXFileReference; lastKnownFileType = sourcecode.swift; path = HomePageViewController.swift; sourceTree = "<group>"; };
		850014D5202993ED00C69343 /* Project.storyboard */ = {isa = PBXFileReference; lastKnownFileType = file.storyboard; path = Project.storyboard; sourceTree = "<group>"; };
		850014D72029942A00C69343 /* ProjectTableViewController.swift */ = {isa = PBXFileReference; lastKnownFileType = sourcecode.swift; path = ProjectTableViewController.swift; sourceTree = "<group>"; };
		850014D92029945B00C69343 /* MyInfoViewController.swift */ = {isa = PBXFileReference; lastKnownFileType = sourcecode.swift; path = MyInfoViewController.swift; sourceTree = "<group>"; };
		850014DB2029946D00C69343 /* MyInfo.storyboard */ = {isa = PBXFileReference; lastKnownFileType = file.storyboard; path = MyInfo.storyboard; sourceTree = "<group>"; };
		850014DD2029949100C69343 /* Foundation.storyboard */ = {isa = PBXFileReference; lastKnownFileType = file.storyboard; path = Foundation.storyboard; sourceTree = "<group>"; };
		850014DF202994A100C69343 /* FoundationViewController.swift */ = {isa = PBXFileReference; lastKnownFileType = sourcecode.swift; path = FoundationViewController.swift; sourceTree = "<group>"; };
		850014E1202995C900C69343 /* CustomTabbarController.swift */ = {isa = PBXFileReference; lastKnownFileType = sourcecode.swift; path = CustomTabbarController.swift; sourceTree = "<group>"; };
		850A6329202D42AF0038CB3F /* CycleCell.swift */ = {isa = PBXFileReference; lastKnownFileType = sourcecode.swift; path = CycleCell.swift; sourceTree = "<group>"; };
		850A632A202D42AF0038CB3F /* CycleCell.xib */ = {isa = PBXFileReference; lastKnownFileType = file.xib; path = CycleCell.xib; sourceTree = "<group>"; };
		850A632E202D43E60038CB3F /* WRProxy.swift */ = {isa = PBXFileReference; fileEncoding = 4; lastKnownFileType = sourcecode.swift; path = WRProxy.swift; sourceTree = "<group>"; };
		850A632F202D43E60038CB3F /* WRPageControl.swift */ = {isa = PBXFileReference; fileEncoding = 4; lastKnownFileType = sourcecode.swift; path = WRPageControl.swift; sourceTree = "<group>"; };
		850A6330202D43E60038CB3F /* WRCycleScrollView.swift */ = {isa = PBXFileReference; fileEncoding = 4; lastKnownFileType = sourcecode.swift; path = WRCycleScrollView.swift; sourceTree = "<group>"; };
		850A6331202D43E60038CB3F /* WRCycleCell.swift */ = {isa = PBXFileReference; fileEncoding = 4; lastKnownFileType = sourcecode.swift; path = WRCycleCell.swift; sourceTree = "<group>"; };
		850A6336202D77340038CB3F /* GoodProjectCell.swift */ = {isa = PBXFileReference; lastKnownFileType = sourcecode.swift; path = GoodProjectCell.swift; sourceTree = "<group>"; };
		850A6337202D77340038CB3F /* GoodProjectCell.xib */ = {isa = PBXFileReference; lastKnownFileType = file.xib; path = GoodProjectCell.xib; sourceTree = "<group>"; };
		8538243D205B5E4F00CAFA3A /* SettingViewController.swift */ = {isa = PBXFileReference; lastKnownFileType = sourcecode.swift; path = SettingViewController.swift; sourceTree = "<group>"; };
		85382441205B6C8C00CAFA3A /* InvestmentRecordTableViewController.swift */ = {isa = PBXFileReference; lastKnownFileType = sourcecode.swift; path = InvestmentRecordTableViewController.swift; sourceTree = "<group>"; };
		85382443205B6D3D00CAFA3A /* InvestmentRecordTableViewCell.swift */ = {isa = PBXFileReference; lastKnownFileType = sourcecode.swift; path = InvestmentRecordTableViewCell.swift; sourceTree = "<group>"; };
		85382445205B780600CAFA3A /* CardManageViewController.swift */ = {isa = PBXFileReference; lastKnownFileType = sourcecode.swift; path = CardManageViewController.swift; sourceTree = "<group>"; };
		85382447205B910300CAFA3A /* ProjectDetailViewController.swift */ = {isa = PBXFileReference; lastKnownFileType = sourcecode.swift; path = ProjectDetailViewController.swift; sourceTree = "<group>"; };
		85382449205B96CD00CAFA3A /* HeaderTableViewCell.swift */ = {isa = PBXFileReference; lastKnownFileType = sourcecode.swift; path = HeaderTableViewCell.swift; sourceTree = "<group>"; };
		8538244D205BB07A00CAFA3A /* ProductTableViewCell.swift */ = {isa = PBXFileReference; lastKnownFileType = sourcecode.swift; path = ProductTableViewCell.swift; sourceTree = "<group>"; };
		8538244F205BBA4500CAFA3A /* BottomTableViewCell.swift */ = {isa = PBXFileReference; lastKnownFileType = sourcecode.swift; path = BottomTableViewCell.swift; sourceTree = "<group>"; };
		85382451205E2DB000CAFA3A /* InvestViewController.swift */ = {isa = PBXFileReference; lastKnownFileType = sourcecode.swift; path = InvestViewController.swift; sourceTree = "<group>"; };
		85812FEB20299A92002732EF /* Constant.swift */ = {isa = PBXFileReference; lastKnownFileType = sourcecode.swift; path = Constant.swift; sourceTree = "<group>"; };
		85812FED2029A17F002732EF /* CustomNavigationController.swift */ = {isa = PBXFileReference; lastKnownFileType = sourcecode.swift; path = CustomNavigationController.swift; sourceTree = "<group>"; };
		85812FEF2029AECE002732EF /* ViewController.swift */ = {isa = PBXFileReference; lastKnownFileType = sourcecode.swift; path = ViewController.swift; sourceTree = "<group>"; };
		858E617A202C2A6D0040DBA4 /* ProjectCell.swift */ = {isa = PBXFileReference; lastKnownFileType = sourcecode.swift; path = ProjectCell.swift; sourceTree = "<group>"; };
		858E617B202C2A6D0040DBA4 /* ProjectCell.xib */ = {isa = PBXFileReference; lastKnownFileType = file.xib; path = ProjectCell.xib; sourceTree = "<group>"; };
		85FBA2DA2044EA9C0043F362 /* BottomCell.swift */ = {isa = PBXFileReference; lastKnownFileType = sourcecode.swift; path = BottomCell.swift; sourceTree = "<group>"; };
		85FBA2DB2044EA9C0043F362 /* BottomCell.xib */ = {isa = PBXFileReference; lastKnownFileType = file.xib; path = BottomCell.xib; sourceTree = "<group>"; };
		93D0356965DC61377FC1600A /* Pods_HWQLztUI.framework */ = {isa = PBXFileReference; explicitFileType = wrapper.framework; includeInIndex = 0; path = Pods_HWQLztUI.framework; sourceTree = BUILT_PRODUCTS_DIR; };
		D43D05BC46F82463CC01F783 /* Pods-HWQLztUI.release.xcconfig */ = {isa = PBXFileReference; includeInIndex = 1; lastKnownFileType = text.xcconfig; name = "Pods-HWQLztUI.release.xcconfig"; path = "Pods/Target Support Files/Pods-HWQLztUI/Pods-HWQLztUI.release.xcconfig"; sourceTree = "<group>"; };
/* End PBXFileReference section */

/* Begin PBXFrameworksBuildPhase section */
		85001493202990AF00C69343 /* Frameworks */ = {
			isa = PBXFrameworksBuildPhase;
			buildActionMask = 2147483647;
			files = (
				043D25D086DB4486CE6C778B /* Pods_HWQLztUI.framework in Frameworks */,
			);
			runOnlyForDeploymentPostprocessing = 0;
		};
		850014A7202990B000C69343 /* Frameworks */ = {
			isa = PBXFrameworksBuildPhase;
			buildActionMask = 2147483647;
			files = (
			);
			runOnlyForDeploymentPostprocessing = 0;
		};
		850014B2202990B000C69343 /* Frameworks */ = {
			isa = PBXFrameworksBuildPhase;
			buildActionMask = 2147483647;
			files = (
			);
			runOnlyForDeploymentPostprocessing = 0;
		};
/* End PBXFrameworksBuildPhase section */

/* Begin PBXGroup section */
		09CBB7E82B20887EE99A1622 /* Pods */ = {
			isa = PBXGroup;
			children = (
				4296B37B053261F53EEF7A4F /* Pods-HWQLztUI.debug.xcconfig */,
				D43D05BC46F82463CC01F783 /* Pods-HWQLztUI.release.xcconfig */,
			);
			name = Pods;
			sourceTree = "<group>";
		};
		466347867DFD53595FF53B2A /* Frameworks */ = {
			isa = PBXGroup;
			children = (
				93D0356965DC61377FC1600A /* Pods_HWQLztUI.framework */,
			);
			name = Frameworks;
			sourceTree = "<group>";
		};
		8500148D202990AF00C69343 = {
			isa = PBXGroup;
			children = (
				85001498202990AF00C69343 /* HWQLztUI */,
				850014AD202990B000C69343 /* HWQLztUITests */,
				850014B8202990B000C69343 /* HWQLztUIUITests */,
				85001497202990AF00C69343 /* Products */,
				09CBB7E82B20887EE99A1622 /* Pods */,
				466347867DFD53595FF53B2A /* Frameworks */,
			);
			sourceTree = "<group>";
		};
		85001497202990AF00C69343 /* Products */ = {
			isa = PBXGroup;
			children = (
				85001496202990AF00C69343 /* HWQLztUI.app */,
				850014AA202990B000C69343 /* HWQLztUITests.xctest */,
				850014B5202990B000C69343 /* HWQLztUIUITests.xctest */,
			);
			name = Products;
			sourceTree = "<group>";
		};
		85001498202990AF00C69343 /* HWQLztUI */ = {
			isa = PBXGroup;
			children = (
				850014C92029915D00C69343 /* Custom */,
				85812FEA20299A6A002732EF /* utils */,
				850014D02029938E00C69343 /* homePage */,
				850014CE2029921D00C69343 /* foundation */,
				850014CD2029920F00C69343 /* myInfo */,
				850014CC2029920700C69343 /* project */,
				85001499202990AF00C69343 /* AppDelegate.swift */,
				850014A0202990AF00C69343 /* Assets.xcassets */,
				850014A2202990AF00C69343 /* LaunchScreen.storyboard */,
				850014A5202990AF00C69343 /* Info.plist */,
			);
			path = HWQLztUI;
			sourceTree = "<group>";
		};
		850014AD202990B000C69343 /* HWQLztUITests */ = {
			isa = PBXGroup;
			children = (
				850014AE202990B000C69343 /* HWQLztUITests.swift */,
				850014B0202990B000C69343 /* Info.plist */,
			);
			path = HWQLztUITests;
			sourceTree = "<group>";
		};
		850014B8202990B000C69343 /* HWQLztUIUITests */ = {
			isa = PBXGroup;
			children = (
				850014B9202990B000C69343 /* HWQLztUIUITests.swift */,
				850014BB202990B000C69343 /* Info.plist */,
			);
			path = HWQLztUIUITests;
			sourceTree = "<group>";
		};
		850014C92029915D00C69343 /* Custom */ = {
			isa = PBXGroup;
			children = (
				850014E1202995C900C69343 /* CustomTabbarController.swift */,
				85812FED2029A17F002732EF /* CustomNavigationController.swift */,
			);
			name = Custom;
			sourceTree = "<group>";
		};
		850014CC2029920700C69343 /* project */ = {
			isa = PBXGroup;
			children = (
				850A6326202D42710038CB3F /* controller */,
				850A6325202D42620038CB3F /* views */,
			);
			path = project;
			sourceTree = "<group>";
		};
		850014CD2029920F00C69343 /* myInfo */ = {
			isa = PBXGroup;
			children = (
				8538243C205B5E3400CAFA3A /* models */,
				8538243B205B5E2C00CAFA3A /* controllers */,
				8538243A205B5E2300CAFA3A /* views */,
			);
			path = myInfo;
			sourceTree = "<group>";
		};
		850014CE2029921D00C69343 /* foundation */ = {
			isa = PBXGroup;
			children = (
				850014DD2029949100C69343 /* Foundation.storyboard */,
				850014DF202994A100C69343 /* FoundationViewController.swift */,
			);
			path = foundation;
			sourceTree = "<group>";
		};
		850014D02029938E00C69343 /* homePage */ = {
			isa = PBXGroup;
			children = (
				850A6327202D42820038CB3F /* views */,
				850A6328202D42890038CB3F /* controller */,
			);
			path = homePage;
			sourceTree = "<group>";
		};
		850A6325202D42620038CB3F /* views */ = {
			isa = PBXGroup;
			children = (
				850014D5202993ED00C69343 /* Project.storyboard */,
				858E617A202C2A6D0040DBA4 /* ProjectCell.swift */,
				858E617B202C2A6D0040DBA4 /* ProjectCell.xib */,
				85382449205B96CD00CAFA3A /* HeaderTableViewCell.swift */,
				8538244D205BB07A00CAFA3A /* ProductTableViewCell.swift */,
				8538244F205BBA4500CAFA3A /* BottomTableViewCell.swift */,
			);
			path = views;
			sourceTree = "<group>";
		};
		850A6326202D42710038CB3F /* controller */ = {
			isa = PBXGroup;
			children = (
				850014D72029942A00C69343 /* ProjectTableViewController.swift */,
				85382447205B910300CAFA3A /* ProjectDetailViewController.swift */,
				85382451205E2DB000CAFA3A /* InvestViewController.swift */,
			);
			path = controller;
			sourceTree = "<group>";
		};
		850A6327202D42820038CB3F /* views */ = {
			isa = PBXGroup;
			children = (
				850014D1202993B000C69343 /* HomePage.storyboard */,
				850A6329202D42AF0038CB3F /* CycleCell.swift */,
				850A632A202D42AF0038CB3F /* CycleCell.xib */,
				850A6336202D77340038CB3F /* GoodProjectCell.swift */,
				850A6337202D77340038CB3F /* GoodProjectCell.xib */,
				85FBA2DA2044EA9C0043F362 /* BottomCell.swift */,
				85FBA2DB2044EA9C0043F362 /* BottomCell.xib */,
			);
			path = views;
			sourceTree = "<group>";
		};
		850A6328202D42890038CB3F /* controller */ = {
			isa = PBXGroup;
			children = (
				850014D3202993CF00C69343 /* HomePageViewController.swift */,
				85812FEF2029AECE002732EF /* ViewController.swift */,
			);
			path = controller;
			sourceTree = "<group>";
		};
		850A632D202D43E60038CB3F /* WRCycleScrollView */ = {
			isa = PBXGroup;
			children = (
				850A632E202D43E60038CB3F /* WRProxy.swift */,
				850A632F202D43E60038CB3F /* WRPageControl.swift */,
				850A6330202D43E60038CB3F /* WRCycleScrollView.swift */,
				850A6331202D43E60038CB3F /* WRCycleCell.swift */,
			);
			path = WRCycleScrollView;
			sourceTree = "<group>";
		};
		8538243A205B5E2300CAFA3A /* views */ = {
			isa = PBXGroup;
			children = (
				850014DB2029946D00C69343 /* MyInfo.storyboard */,
				85382443205B6D3D00CAFA3A /* InvestmentRecordTableViewCell.swift */,
			);
			path = views;
			sourceTree = "<group>";
		};
		8538243B205B5E2C00CAFA3A /* controllers */ = {
			isa = PBXGroup;
			children = (
				850014D92029945B00C69343 /* MyInfoViewController.swift */,
				8538243D205B5E4F00CAFA3A /* SettingViewController.swift */,
				85382441205B6C8C00CAFA3A /* InvestmentRecordTableViewController.swift */,
				85382445205B780600CAFA3A /* CardManageViewController.swift */,
			);
			path = controllers;
			sourceTree = "<group>";
		};
		8538243C205B5E3400CAFA3A /* models */ = {
			isa = PBXGroup;
			children = (
			);
			path = models;
			sourceTree = "<group>";
		};
		85812FEA20299A6A002732EF /* utils */ = {
			isa = PBXGroup;
			children = (
				850A632D202D43E60038CB3F /* WRCycleScrollView */,
				85812FEB20299A92002732EF /* Constant.swift */,
			);
			path = utils;
			sourceTree = "<group>";
		};
/* End PBXGroup section */

/* Begin PBXNativeTarget section */
		85001495202990AF00C69343 /* HWQLztUI */ = {
			isa = PBXNativeTarget;
			buildConfigurationList = 850014BE202990B000C69343 /* Build configuration list for PBXNativeTarget "HWQLztUI" */;
			buildPhases = (
				2D44CA73C1795E01FB18031D /* [CP] Check Pods Manifest.lock */,
				85001492202990AF00C69343 /* Sources */,
				85001493202990AF00C69343 /* Frameworks */,
				85001494202990AF00C69343 /* Resources */,
				BF9E45DE9796D6538EC16ED6 /* [CP] Embed Pods Frameworks */,
				BD0B6347A79D6D82BA39F67D /* [CP] Copy Pods Resources */,
			);
			buildRules = (
			);
			dependencies = (
			);
			name = HWQLztUI;
			productName = HWQLztUI;
			productReference = 85001496202990AF00C69343 /* HWQLztUI.app */;
			productType = "com.apple.product-type.application";
		};
		850014A9202990B000C69343 /* HWQLztUITests */ = {
			isa = PBXNativeTarget;
			buildConfigurationList = 850014C1202990B000C69343 /* Build configuration list for PBXNativeTarget "HWQLztUITests" */;
			buildPhases = (
				850014A6202990B000C69343 /* Sources */,
				850014A7202990B000C69343 /* Frameworks */,
				850014A8202990B000C69343 /* Resources */,
			);
			buildRules = (
			);
			dependencies = (
				850014AC202990B000C69343 /* PBXTargetDependency */,
			);
			name = HWQLztUITests;
			productName = HWQLztUITests;
			productReference = 850014AA202990B000C69343 /* HWQLztUITests.xctest */;
			productType = "com.apple.product-type.bundle.unit-test";
		};
		850014B4202990B000C69343 /* HWQLztUIUITests */ = {
			isa = PBXNativeTarget;
			buildConfigurationList = 850014C4202990B000C69343 /* Build configuration list for PBXNativeTarget "HWQLztUIUITests" */;
			buildPhases = (
				850014B1202990B000C69343 /* Sources */,
				850014B2202990B000C69343 /* Frameworks */,
				850014B3202990B000C69343 /* Resources */,
			);
			buildRules = (
			);
			dependencies = (
				850014B7202990B000C69343 /* PBXTargetDependency */,
			);
			name = HWQLztUIUITests;
			productName = HWQLztUIUITests;
			productReference = 850014B5202990B000C69343 /* HWQLztUIUITests.xctest */;
			productType = "com.apple.product-type.bundle.ui-testing";
		};
/* End PBXNativeTarget section */

/* Begin PBXProject section */
		8500148E202990AF00C69343 /* Project object */ = {
			isa = PBXProject;
			attributes = {
				LastSwiftUpdateCheck = 0910;
				LastUpgradeCheck = 0910;
				ORGANIZATIONNAME = hwq;
				TargetAttributes = {
					85001495202990AF00C69343 = {
						CreatedOnToolsVersion = 9.1;
						ProvisioningStyle = Automatic;
					};
					850014A9202990B000C69343 = {
						CreatedOnToolsVersion = 9.1;
						ProvisioningStyle = Automatic;
						TestTargetID = 85001495202990AF00C69343;
					};
					850014B4202990B000C69343 = {
						CreatedOnToolsVersion = 9.1;
						ProvisioningStyle = Automatic;
						TestTargetID = 85001495202990AF00C69343;
					};
				};
			};
			buildConfigurationList = 85001491202990AF00C69343 /* Build configuration list for PBXProject "HWQLztUI" */;
			compatibilityVersion = "Xcode 8.0";
			developmentRegion = en;
			hasScannedForEncodings = 0;
			knownRegions = (
				en,
				Base,
			);
			mainGroup = 8500148D202990AF00C69343;
			productRefGroup = 85001497202990AF00C69343 /* Products */;
			projectDirPath = "";
			projectRoot = "";
			targets = (
				85001495202990AF00C69343 /* HWQLztUI */,
				850014A9202990B000C69343 /* HWQLztUITests */,
				850014B4202990B000C69343 /* HWQLztUIUITests */,
			);
		};
/* End PBXProject section */

/* Begin PBXResourcesBuildPhase section */
		85001494202990AF00C69343 /* Resources */ = {
			isa = PBXResourcesBuildPhase;
			buildActionMask = 2147483647;
			files = (
				858E617D202C2A6D0040DBA4 /* ProjectCell.xib in Resources */,
				850014D6202993ED00C69343 /* Project.storyboard in Resources */,
				85FBA2DD2044EA9C0043F362 /* BottomCell.xib in Resources */,
				850014DE2029949100C69343 /* Foundation.storyboard in Resources */,
				850014A4202990AF00C69343 /* LaunchScreen.storyboard in Resources */,
				850014A1202990AF00C69343 /* Assets.xcassets in Resources */,
				850014DC2029946D00C69343 /* MyInfo.storyboard in Resources */,
				850A6339202D77340038CB3F /* GoodProjectCell.xib in Resources */,
				850A632C202D42AF0038CB3F /* CycleCell.xib in Resources */,
				850014D2202993B000C69343 /* HomePage.storyboard in Resources */,
			);
			runOnlyForDeploymentPostprocessing = 0;
		};
		850014A8202990B000C69343 /* Resources */ = {
			isa = PBXResourcesBuildPhase;
			buildActionMask = 2147483647;
			files = (
			);
			runOnlyForDeploymentPostprocessing = 0;
		};
		850014B3202990B000C69343 /* Resources */ = {
			isa = PBXResourcesBuildPhase;
			buildActionMask = 2147483647;
			files = (
			);
			runOnlyForDeploymentPostprocessing = 0;
		};
/* End PBXResourcesBuildPhase section */

/* Begin PBXShellScriptBuildPhase section */
		2D44CA73C1795E01FB18031D /* [CP] Check Pods Manifest.lock */ = {
			isa = PBXShellScriptBuildPhase;
			buildActionMask = 2147483647;
			files = (
			);
			inputPaths = (
				"${PODS_PODFILE_DIR_PATH}/Podfile.lock",
				"${PODS_ROOT}/Manifest.lock",
			);
			name = "[CP] Check Pods Manifest.lock";
			outputPaths = (
				"$(DERIVED_FILE_DIR)/Pods-HWQLztUI-checkManifestLockResult.txt",
			);
			runOnlyForDeploymentPostprocessing = 0;
			shellPath = /bin/sh;
			shellScript = "diff \"${PODS_PODFILE_DIR_PATH}/Podfile.lock\" \"${PODS_ROOT}/Manifest.lock\" > /dev/null\nif [ $? != 0 ] ; then\n    # print error to STDERR\n    echo \"error: The sandbox is not in sync with the Podfile.lock. Run 'pod install' or update your CocoaPods installation.\" >&2\n    exit 1\nfi\n# This output is used by Xcode 'outputs' to avoid re-running this script phase.\necho \"SUCCESS\" > \"${SCRIPT_OUTPUT_FILE_0}\"\n";
			showEnvVarsInLog = 0;
		};
		BD0B6347A79D6D82BA39F67D /* [CP] Copy Pods Resources */ = {
			isa = PBXShellScriptBuildPhase;
			buildActionMask = 2147483647;
			files = (
			);
			inputPaths = (
			);
			name = "[CP] Copy Pods Resources";
			outputPaths = (
			);
			runOnlyForDeploymentPostprocessing = 0;
			shellPath = /bin/sh;
			shellScript = "\"${SRCROOT}/Pods/Target Support Files/Pods-HWQLztUI/Pods-HWQLztUI-resources.sh\"\n";
			showEnvVarsInLog = 0;
		};
		BF9E45DE9796D6538EC16ED6 /* [CP] Embed Pods Frameworks */ = {
			isa = PBXShellScriptBuildPhase;
			buildActionMask = 2147483647;
			files = (
			);
			inputPaths = (
				"${SRCROOT}/Pods/Target Support Files/Pods-HWQLztUI/Pods-HWQLztUI-frameworks.sh",
				"${BUILT_PRODUCTS_DIR}/Kingfisher/Kingfisher.framework",
				"${BUILT_PRODUCTS_DIR}/MJRefresh/MJRefresh.framework",
			);
			name = "[CP] Embed Pods Frameworks";
			outputPaths = (
				"${TARGET_BUILD_DIR}/${FRAMEWORKS_FOLDER_PATH}/Kingfisher.framework",
				"${TARGET_BUILD_DIR}/${FRAMEWORKS_FOLDER_PATH}/MJRefresh.framework",
			);
			runOnlyForDeploymentPostprocessing = 0;
			shellPath = /bin/sh;
			shellScript = "\"${SRCROOT}/Pods/Target Support Files/Pods-HWQLztUI/Pods-HWQLztUI-frameworks.sh\"\n";
			showEnvVarsInLog = 0;
		};
/* End PBXShellScriptBuildPhase section */

/* Begin PBXSourcesBuildPhase section */
		85001492202990AF00C69343 /* Sources */ = {
			isa = PBXSourcesBuildPhase;
			buildActionMask = 2147483647;
			files = (
				850A6338202D77340038CB3F /* GoodProjectCell.swift in Sources */,
				85382448205B910300CAFA3A /* ProjectDetailViewController.swift in Sources */,
				850A6333202D43E60038CB3F /* WRPageControl.swift in Sources */,
				85382452205E2DB000CAFA3A /* InvestViewController.swift in Sources */,
				85812FEC20299A92002732EF /* Constant.swift in Sources */,
				850014E0202994A100C69343 /* FoundationViewController.swift in Sources */,
				8500149A202990AF00C69343 /* AppDelegate.swift in Sources */,
				8538243E205B5E4F00CAFA3A /* SettingViewController.swift in Sources */,
				850A6335202D43E60038CB3F /* WRCycleCell.swift in Sources */,
				85382450205BBA4500CAFA3A /* BottomTableViewCell.swift in Sources */,
				850A6332202D43E60038CB3F /* WRProxy.swift in Sources */,
				85FBA2DC2044EA9C0043F362 /* BottomCell.swift in Sources */,
				858E617C202C2A6D0040DBA4 /* ProjectCell.swift in Sources */,
				85382442205B6C8C00CAFA3A /* InvestmentRecordTableViewController.swift in Sources */,
				85812FF02029AECE002732EF /* ViewController.swift in Sources */,
				850A6334202D43E60038CB3F /* WRCycleScrollView.swift in Sources */,
				85382444205B6D3D00CAFA3A /* InvestmentRecordTableViewCell.swift in Sources */,
				850014DA2029945B00C69343 /* MyInfoViewController.swift in Sources */,
				85812FEE2029A17F002732EF /* CustomNavigationController.swift in Sources */,
				8538244E205BB07A00CAFA3A /* ProductTableViewCell.swift in Sources */,
				850A632B202D42AF0038CB3F /* CycleCell.swift in Sources */,
				850014E2202995C900C69343 /* CustomTabbarController.swift in Sources */,
				850014D82029942A00C69343 /* ProjectTableViewController.swift in Sources */,
				85382446205B780600CAFA3A /* CardManageViewController.swift in Sources */,
				8538244A205B96CD00CAFA3A /* HeaderTableViewCell.swift in Sources */,
				850014D4202993CF00C69343 /* HomePageViewController.swift in Sources */,
			);
			runOnlyForDeploymentPostprocessing = 0;
		};
		850014A6202990B000C69343 /* Sources */ = {
			isa = PBXSourcesBuildPhase;
			buildActionMask = 2147483647;
			files = (
				850014AF202990B000C69343 /* HWQLztUITests.swift in Sources */,
			);
			runOnlyForDeploymentPostprocessing = 0;
		};
		850014B1202990B000C69343 /* Sources */ = {
			isa = PBXSourcesBuildPhase;
			buildActionMask = 2147483647;
			files = (
				850014BA202990B000C69343 /* HWQLztUIUITests.swift in Sources */,
			);
			runOnlyForDeploymentPostprocessing = 0;
		};
/* End PBXSourcesBuildPhase section */

/* Begin PBXTargetDependency section */
		850014AC202990B000C69343 /* PBXTargetDependency */ = {
			isa = PBXTargetDependency;
			target = 85001495202990AF00C69343 /* HWQLztUI */;
			targetProxy = 850014AB202990B000C69343 /* PBXContainerItemProxy */;
		};
		850014B7202990B000C69343 /* PBXTargetDependency */ = {
			isa = PBXTargetDependency;
			target = 85001495202990AF00C69343 /* HWQLztUI */;
			targetProxy = 850014B6202990B000C69343 /* PBXContainerItemProxy */;
		};
/* End PBXTargetDependency section */

/* Begin PBXVariantGroup section */
		850014A2202990AF00C69343 /* LaunchScreen.storyboard */ = {
			isa = PBXVariantGroup;
			children = (
				850014A3202990AF00C69343 /* Base */,
			);
			name = LaunchScreen.storyboard;
			sourceTree = "<group>";
		};
/* End PBXVariantGroup section */

/* Begin XCBuildConfiguration section */
		850014BC202990B000C69343 /* Debug */ = {
			isa = XCBuildConfiguration;
			buildSettings = {
				ALWAYS_SEARCH_USER_PATHS = NO;
				CLANG_ANALYZER_NONNULL = YES;
				CLANG_ANALYZER_NUMBER_OBJECT_CONVERSION = YES_AGGRESSIVE;
				CLANG_CXX_LANGUAGE_STANDARD = "gnu++14";
				CLANG_CXX_LIBRARY = "libc++";
				CLANG_ENABLE_MODULES = YES;
				CLANG_ENABLE_OBJC_ARC = YES;
				CLANG_WARN_BLOCK_CAPTURE_AUTORELEASING = YES;
				CLANG_WARN_BOOL_CONVERSION = YES;
				CLANG_WARN_COMMA = YES;
				CLANG_WARN_CONSTANT_CONVERSION = YES;
				CLANG_WARN_DIRECT_OBJC_ISA_USAGE = YES_ERROR;
				CLANG_WARN_DOCUMENTATION_COMMENTS = YES;
				CLANG_WARN_EMPTY_BODY = YES;
				CLANG_WARN_ENUM_CONVERSION = YES;
				CLANG_WARN_INFINITE_RECURSION = YES;
				CLANG_WARN_INT_CONVERSION = YES;
				CLANG_WARN_NON_LITERAL_NULL_CONVERSION = YES;
				CLANG_WARN_OBJC_LITERAL_CONVERSION = YES;
				CLANG_WARN_OBJC_ROOT_CLASS = YES_ERROR;
				CLANG_WARN_RANGE_LOOP_ANALYSIS = YES;
				CLANG_WARN_STRICT_PROTOTYPES = YES;
				CLANG_WARN_SUSPICIOUS_MOVE = YES;
				CLANG_WARN_UNGUARDED_AVAILABILITY = YES_AGGRESSIVE;
				CLANG_WARN_UNREACHABLE_CODE = YES;
				CLANG_WARN__DUPLICATE_METHOD_MATCH = YES;
				CODE_SIGN_IDENTITY = "iPhone Developer";
				COPY_PHASE_STRIP = NO;
				DEBUG_INFORMATION_FORMAT = dwarf;
				ENABLE_STRICT_OBJC_MSGSEND = YES;
				ENABLE_TESTABILITY = YES;
				GCC_C_LANGUAGE_STANDARD = gnu11;
				GCC_DYNAMIC_NO_PIC = NO;
				GCC_NO_COMMON_BLOCKS = YES;
				GCC_OPTIMIZATION_LEVEL = 0;
				GCC_PREPROCESSOR_DEFINITIONS = (
					"DEBUG=1",
					"$(inherited)",
				);
				GCC_WARN_64_TO_32_BIT_CONVERSION = YES;
				GCC_WARN_ABOUT_RETURN_TYPE = YES_ERROR;
				GCC_WARN_UNDECLARED_SELECTOR = YES;
				GCC_WARN_UNINITIALIZED_AUTOS = YES_AGGRESSIVE;
				GCC_WARN_UNUSED_FUNCTION = YES;
				GCC_WARN_UNUSED_VARIABLE = YES;
				IPHONEOS_DEPLOYMENT_TARGET = 11.1;
				MTL_ENABLE_DEBUG_INFO = YES;
				ONLY_ACTIVE_ARCH = YES;
				SDKROOT = iphoneos;
				SWIFT_ACTIVE_COMPILATION_CONDITIONS = DEBUG;
				SWIFT_OPTIMIZATION_LEVEL = "-Onone";
			};
			name = Debug;
		};
		850014BD202990B000C69343 /* Release */ = {
			isa = XCBuildConfiguration;
			buildSettings = {
				ALWAYS_SEARCH_USER_PATHS = NO;
				CLANG_ANALYZER_NONNULL = YES;
				CLANG_ANALYZER_NUMBER_OBJECT_CONVERSION = YES_AGGRESSIVE;
				CLANG_CXX_LANGUAGE_STANDARD = "gnu++14";
				CLANG_CXX_LIBRARY = "libc++";
				CLANG_ENABLE_MODULES = YES;
				CLANG_ENABLE_OBJC_ARC = YES;
				CLANG_WARN_BLOCK_CAPTURE_AUTORELEASING = YES;
				CLANG_WARN_BOOL_CONVERSION = YES;
				CLANG_WARN_COMMA = YES;
				CLANG_WARN_CONSTANT_CONVERSION = YES;
				CLANG_WARN_DIRECT_OBJC_ISA_USAGE = YES_ERROR;
				CLANG_WARN_DOCUMENTATION_COMMENTS = YES;
				CLANG_WARN_EMPTY_BODY = YES;
				CLANG_WARN_ENUM_CONVERSION = YES;
				CLANG_WARN_INFINITE_RECURSION = YES;
				CLANG_WARN_INT_CONVERSION = YES;
				CLANG_WARN_NON_LITERAL_NULL_CONVERSION = YES;
				CLANG_WARN_OBJC_LITERAL_CONVERSION = YES;
				CLANG_WARN_OBJC_ROOT_CLASS = YES_ERROR;
				CLANG_WARN_RANGE_LOOP_ANALYSIS = YES;
				CLANG_WARN_STRICT_PROTOTYPES = YES;
				CLANG_WARN_SUSPICIOUS_MOVE = YES;
				CLANG_WARN_UNGUARDED_AVAILABILITY = YES_AGGRESSIVE;
				CLANG_WARN_UNREACHABLE_CODE = YES;
				CLANG_WARN__DUPLICATE_METHOD_MATCH = YES;
				CODE_SIGN_IDENTITY = "iPhone Developer";
				COPY_PHASE_STRIP = NO;
				DEBUG_INFORMATION_FORMAT = "dwarf-with-dsym";
				ENABLE_NS_ASSERTIONS = NO;
				ENABLE_STRICT_OBJC_MSGSEND = YES;
				GCC_C_LANGUAGE_STANDARD = gnu11;
				GCC_NO_COMMON_BLOCKS = YES;
				GCC_WARN_64_TO_32_BIT_CONVERSION = YES;
				GCC_WARN_ABOUT_RETURN_TYPE = YES_ERROR;
				GCC_WARN_UNDECLARED_SELECTOR = YES;
				GCC_WARN_UNINITIALIZED_AUTOS = YES_AGGRESSIVE;
				GCC_WARN_UNUSED_FUNCTION = YES;
				GCC_WARN_UNUSED_VARIABLE = YES;
				IPHONEOS_DEPLOYMENT_TARGET = 11.1;
				MTL_ENABLE_DEBUG_INFO = NO;
				SDKROOT = iphoneos;
				SWIFT_OPTIMIZATION_LEVEL = "-Owholemodule";
				VALIDATE_PRODUCT = YES;
			};
			name = Release;
		};
		850014BF202990B000C69343 /* Debug */ = {
			isa = XCBuildConfiguration;
			baseConfigurationReference = 4296B37B053261F53EEF7A4F /* Pods-HWQLztUI.debug.xcconfig */;
			buildSettings = {
				ASSETCATALOG_COMPILER_APPICON_NAME = AppIcon;
				CODE_SIGN_STYLE = Automatic;
				DEVELOPMENT_TEAM = G8N83WYDAQ;
				INFOPLIST_FILE = HWQLztUI/Info.plist;
				IPHONEOS_DEPLOYMENT_TARGET = 10.0;
				LD_RUNPATH_SEARCH_PATHS = "$(inherited) @executable_path/Frameworks";
				PRODUCT_BUNDLE_IDENTIFIER = com.hwq.HWQLztUI;
				PRODUCT_NAME = "$(TARGET_NAME)";
				SWIFT_VERSION = 4.0;
				TARGETED_DEVICE_FAMILY = 1;
				USER_HEADER_SEARCH_PATHS = "<Multiple values>/**";
				"USER_HEADER_SEARCH_PATHS[arch=*]" = "${SRCROOT}";
			};
			name = Debug;
		};
		850014C0202990B000C69343 /* Release */ = {
			isa = XCBuildConfiguration;
			baseConfigurationReference = D43D05BC46F82463CC01F783 /* Pods-HWQLztUI.release.xcconfig */;
			buildSettings = {
				ASSETCATALOG_COMPILER_APPICON_NAME = AppIcon;
				CODE_SIGN_STYLE = Automatic;
				DEVELOPMENT_TEAM = G8N83WYDAQ;
				INFOPLIST_FILE = HWQLztUI/Info.plist;
				IPHONEOS_DEPLOYMENT_TARGET = 10.0;
				LD_RUNPATH_SEARCH_PATHS = "$(inherited) @executable_path/Frameworks";
				PRODUCT_BUNDLE_IDENTIFIER = com.hwq.HWQLztUI;
				PRODUCT_NAME = "$(TARGET_NAME)";
				SWIFT_VERSION = 4.0;
				TARGETED_DEVICE_FAMILY = 1;
				USER_HEADER_SEARCH_PATHS = "<Multiple values>/**";
			};
			name = Release;
		};
		850014C2202990B000C69343 /* Debug */ = {
			isa = XCBuildConfiguration;
			buildSettings = {
				ALWAYS_EMBED_SWIFT_STANDARD_LIBRARIES = YES;
				BUNDLE_LOADER = "$(TEST_HOST)";
				CODE_SIGN_STYLE = Automatic;
				DEVELOPMENT_TEAM = 55RFX6KFS7;
				INFOPLIST_FILE = HWQLztUITests/Info.plist;
				LD_RUNPATH_SEARCH_PATHS = "$(inherited) @executable_path/Frameworks @loader_path/Frameworks";
				PRODUCT_BUNDLE_IDENTIFIER = com.hwq.HWQLztUITests;
				PRODUCT_NAME = "$(TARGET_NAME)";
				SWIFT_VERSION = 4.0;
				TARGETED_DEVICE_FAMILY = "1,2";
				TEST_HOST = "$(BUILT_PRODUCTS_DIR)/HWQLztUI.app/HWQLztUI";
			};
			name = Debug;
		};
		850014C3202990B000C69343 /* Release */ = {
			isa = XCBuildConfiguration;
			buildSettings = {
				ALWAYS_EMBED_SWIFT_STANDARD_LIBRARIES = YES;
				BUNDLE_LOADER = "$(TEST_HOST)";
				CODE_SIGN_STYLE = Automatic;
				DEVELOPMENT_TEAM = 55RFX6KFS7;
				INFOPLIST_FILE = HWQLztUITests/Info.plist;
				LD_RUNPATH_SEARCH_PATHS = "$(inherited) @executable_path/Frameworks @loader_path/Frameworks";
				PRODUCT_BUNDLE_IDENTIFIER = com.hwq.HWQLztUITests;
				PRODUCT_NAME = "$(TARGET_NAME)";
				SWIFT_VERSION = 4.0;
				TARGETED_DEVICE_FAMILY = "1,2";
				TEST_HOST = "$(BUILT_PRODUCTS_DIR)/HWQLztUI.app/HWQLztUI";
			};
			name = Release;
		};
		850014C5202990B000C69343 /* Debug */ = {
			isa = XCBuildConfiguration;
			buildSettings = {
				ALWAYS_EMBED_SWIFT_STANDARD_LIBRARIES = YES;
				CODE_SIGN_STYLE = Automatic;
				DEVELOPMENT_TEAM = 55RFX6KFS7;
				INFOPLIST_FILE = HWQLztUIUITests/Info.plist;
				LD_RUNPATH_SEARCH_PATHS = "$(inherited) @executable_path/Frameworks @loader_path/Frameworks";
				PRODUCT_BUNDLE_IDENTIFIER = com.hwq.HWQLztUIUITests;
				PRODUCT_NAME = "$(TARGET_NAME)";
				SWIFT_VERSION = 4.0;
				TARGETED_DEVICE_FAMILY = "1,2";
				TEST_TARGET_NAME = HWQLztUI;
			};
			name = Debug;
		};
		850014C6202990B000C69343 /* Release */ = {
			isa = XCBuildConfiguration;
			buildSettings = {
				ALWAYS_EMBED_SWIFT_STANDARD_LIBRARIES = YES;
				CODE_SIGN_STYLE = Automatic;
				DEVELOPMENT_TEAM = 55RFX6KFS7;
				INFOPLIST_FILE = HWQLztUIUITests/Info.plist;
				LD_RUNPATH_SEARCH_PATHS = "$(inherited) @executable_path/Frameworks @loader_path/Frameworks";
				PRODUCT_BUNDLE_IDENTIFIER = com.hwq.HWQLztUIUITests;
				PRODUCT_NAME = "$(TARGET_NAME)";
				SWIFT_VERSION = 4.0;
				TARGETED_DEVICE_FAMILY = "1,2";
				TEST_TARGET_NAME = HWQLztUI;
			};
			name = Release;
		};
/* End XCBuildConfiguration section */

/* Begin XCConfigurationList section */
		85001491202990AF00C69343 /* Build configuration list for PBXProject "HWQLztUI" */ = {
			isa = XCConfigurationList;
			buildConfigurations = (
				850014BC202990B000C69343 /* Debug */,
				850014BD202990B000C69343 /* Release */,
			);
			defaultConfigurationIsVisible = 0;
			defaultConfigurationName = Release;
		};
		850014BE202990B000C69343 /* Build configuration list for PBXNativeTarget "HWQLztUI" */ = {
			isa = XCConfigurationList;
			buildConfigurations = (
				850014BF202990B000C69343 /* Debug */,
				850014C0202990B000C69343 /* Release */,
			);
			defaultConfigurationIsVisible = 0;
			defaultConfigurationName = Release;
		};
		850014C1202990B000C69343 /* Build configuration list for PBXNativeTarget "HWQLztUITests" */ = {
			isa = XCConfigurationList;
			buildConfigurations = (
				850014C2202990B000C69343 /* Debug */,
				850014C3202990B000C69343 /* Release */,
			);
			defaultConfigurationIsVisible = 0;
			defaultConfigurationName = Release;
		};
		850014C4202990B000C69343 /* Build configuration list for PBXNativeTarget "HWQLztUIUITests" */ = {
			isa = XCConfigurationList;
			buildConfigurations = (
				850014C5202990B000C69343 /* Debug */,
				850014C6202990B000C69343 /* Release */,
			);
			defaultConfigurationIsVisible = 0;
			defaultConfigurationName = Release;
		};
/* End XCConfigurationList section */
	};
	rootObject = 8500148E202990AF00C69343 /* Project object */;
}
